
Microsoft Visual Studio Solution File, Format Version 12.00
# Visual Studio Version 17
VisualStudioVersion = 17.5.002.0
MinimumVisualStudioVersion = 10.0.40219.1
Project("{9A19103F-16F7-4668-BE54-9A1E7A4F7556}") = "BakeryAPI", "BakeryAPI.csproj", "{120274A7-E0A3-4F53-A970-F6116A5A7E4F}"
EndProject
Global
	GlobalSection(SolutionConfigurationPlatforms) = preSolution
		Debug|Any CPU = Debug|Any CPU
		Release|Any CPU = Release|Any CPU
	EndGlobalSection
	GlobalSection(ProjectConfigurationPlatforms) = postSolution
		{120274A7-E0A3-4F53-A970-F6116A5A7E4F}.Debug|Any CPU.ActiveCfg = Debug|Any CPU
		{120274A7-E0A3-4F53-A970-F6116A5A7E4F}.Debug|Any CPU.Build.0 = Debug|Any CPU
		{120274A7-E0A3-4F53-A970-F6116A5A7E4F}.Release|Any CPU.ActiveCfg = Release|Any CPU
		{120274A7-E0A3-4F53-A970-F6116A5A7E4F}.Release|Any CPU.Build.0 = Release|Any CPU
	EndGlobalSection
	GlobalSection(SolutionProperties) = preSolution
		HideSolutionNode = FALSE
	EndGlobalSection
	GlobalSection(ExtensibilityGlobals) = postSolution
		SolutionGuid = {0C7435C3-4779-4749-ACE6-762D05F72659}
	EndGlobalSection
EndGlobal
